{
  "name": "zadanie",
  "lockfileVersion": 2,
  "requires": true,
  "packages": {
    "": {
      "dependencies": {
        "mustard-ui": "^1.0.4"
      }
    },
    "node_modules/mustard-ui": {
      "version": "1.0.4",
      "resolved": "https://registry.npmjs.org/mustard-ui/-/mustard-ui-1.0.4.tgz",
      "integrity": "sha512-VcKZCTnrd5f3BBWFqJW0RzdUHYiRVitsDIpCz4gEZM2cNt6Ebye92iD0yArqw8cxhrK3QnvBE9rRJ99JpeciPw==",
      "dependencies": {
        "natives": "^1.1.6"
      }
    },
    "node_modules/natives": {
      "version": "1.1.6",
      "resolved": "https://registry.npmjs.org/natives/-/natives-1.1.6.tgz",
      "integrity": "sha512-6+TDFewD4yxY14ptjKaS63GVdtKiES1pTPyxn9Jb0rBqPMZ7VcCiooEhPNsr+mqHtMGxa/5c/HhcC4uPEUw/nA==",
      "deprecated": "This module relies on Node.js's internals and will break at some point. Do not use it, and update to graceful-fs@4.x."
    }
  },
  "dependencies": {
    "mustard-ui": {
      "version": "1.0.4",
      "resolved": "https://registry.npmjs.org/mustard-ui/-/mustard-ui-1.0.4.tgz",
      "integrity": "sha512-VcKZCTnrd5f3BBWFqJW0RzdUHYiRVitsDIpCz4gEZM2cNt6Ebye92iD0yArqw8cxhrK3QnvBE9rRJ99JpeciPw==",
      "requires": {
        "natives": "^1.1.6"
      }
    },
    "natives": {
      "version": "1.1.6",
      "resolved": "https://registry.npmjs.org/natives/-/natives-1.1.6.tgz",
      "integrity": "sha512-6+TDFewD4yxY14ptjKaS63GVdtKiES1pTPyxn9Jb0rBqPMZ7VcCiooEhPNsr+mqHtMGxa/5c/HhcC4uPEUw/nA=="
    }
  }
}
